
Microsoft Visual Studio Solution File, Format Version 12.00
# Visual Studio Version 17
VisualStudioVersion = 17.3.32929.385
MinimumVisualStudioVersion = 10.0.40219.1
Project("{2150E333-8FDC-42A3-9474-1A3956D46DE8}") = "Services", "Services", "{B2D0C3FE-65FA-4359-8850-8F3CEC7131E0}"
EndProject
Project("{2150E333-8FDC-42A3-9474-1A3956D46DE8}") = "Catalog", "Catalog", "{38ECACC7-F3C8-4AD8-B3BF-7D1E0B4C6987}"
EndProject
Project("{9A19103F-16F7-4668-BE54-9A1E7A4F7556}") = "Catalog.API", "Services\Catalog\Catalog.API\Catalog.API.csproj", "{C6C18885-F2C9-407E-A658-9CCE6D82459A}"
EndProject
Project("{E53339B2-1760-4266-BCC7-CA923CBCF16C}") = "docker-compose", "docker-compose.dcproj", "{D2329015-C0EF-4BFE-B657-AE9F9F03EF9B}"
EndProject
Project("{2150E333-8FDC-42A3-9474-1A3956D46DE8}") = "Basket", "Basket", "{CB9B02CA-027B-47ED-9B33-A09A07604B7B}"
EndProject
Project("{9A19103F-16F7-4668-BE54-9A1E7A4F7556}") = "Basket.API", "Services\Basket\Basket.API\Basket.API.csproj", "{5D5F8D43-03FB-4401-98B3-8248BAABFA6F}"
EndProject
Project("{2150E333-8FDC-42A3-9474-1A3956D46DE8}") = "Discount", "Discount", "{1CDAFEB2-1657-4FAB-A74D-0D82D916DE4B}"
EndProject
Project("{9A19103F-16F7-4668-BE54-9A1E7A4F7556}") = "Discount.API", "Services\Discount\Discount.API\Discount.API.csproj", "{52A5BCF6-0A9C-46A6-B09F-D688DBF72429}"
EndProject
Project("{9A19103F-16F7-4668-BE54-9A1E7A4F7556}") = "Discount.Grpc", "Services\Discount\Discount.Grpc\Discount.Grpc.csproj", "{5F3C75D5-7970-4AF5-BBB5-9F3135FF8055}"
EndProject
Project("{2150E333-8FDC-42A3-9474-1A3956D46DE8}") = "Ordering", "Ordering", "{4B226F5A-0DC1-4930-96D7-BE38BF249E7E}"
EndProject
Project("{9A19103F-16F7-4668-BE54-9A1E7A4F7556}") = "Ordering.API", "Services\Ordering\Ordering.API\Ordering.API.csproj", "{1993E498-0834-496F-834E-273634B80603}"
EndProject
Project("{9A19103F-16F7-4668-BE54-9A1E7A4F7556}") = "Ordering.Domain", "Services\Ordering\Ordering.Domain\Ordering.Domain.csproj", "{DD69C871-FC89-4E7E-BF62-AF2406E28BAA}"
EndProject
Project("{9A19103F-16F7-4668-BE54-9A1E7A4F7556}") = "Ordering.Application", "Services\Ordering\Ordering.Application\Ordering.Application.csproj", "{EEFC4E49-4168-4228-98D1-1462B3868C45}"
EndProject
Project("{9A19103F-16F7-4668-BE54-9A1E7A4F7556}") = "Ordering.Infrastructure", "Services\Ordering\Ordering.Infrastructure\Ordering.Infrastructure.csproj", "{763619BF-9EDF-43EF-A4D2-37CEF3C267CB}"
EndProject
Project("{2150E333-8FDC-42A3-9474-1A3956D46DE8}") = "BuildingBlocks", "BuildingBlocks", "{EA1FE8BE-D909-4591-A151-2870AF7E7D4A}"
EndProject
Project("{FAE04EC0-301F-11D3-BF4B-00C04F79EFBC}") = "EventBus.Messages", "BuildingBlocks\EventBus.Messages\EventBus.Messages.csproj", "{BD2ED3EC-6B49-4F79-B30B-5C2A70467FD2}"
EndProject
Global
	GlobalSection(SolutionConfigurationPlatforms) = preSolution
		Debug|Any CPU = Debug|Any CPU
		Release|Any CPU = Release|Any CPU
	EndGlobalSection
	GlobalSection(ProjectConfigurationPlatforms) = postSolution
		{C6C18885-F2C9-407E-A658-9CCE6D82459A}.Debug|Any CPU.ActiveCfg = Debug|Any CPU
		{C6C18885-F2C9-407E-A658-9CCE6D82459A}.Debug|Any CPU.Build.0 = Debug|Any CPU
		{C6C18885-F2C9-407E-A658-9CCE6D82459A}.Release|Any CPU.ActiveCfg = Release|Any CPU
		{C6C18885-F2C9-407E-A658-9CCE6D82459A}.Release|Any CPU.Build.0 = Release|Any CPU
		{D2329015-C0EF-4BFE-B657-AE9F9F03EF9B}.Debug|Any CPU.ActiveCfg = Debug|Any CPU
		{D2329015-C0EF-4BFE-B657-AE9F9F03EF9B}.Debug|Any CPU.Build.0 = Debug|Any CPU
		{D2329015-C0EF-4BFE-B657-AE9F9F03EF9B}.Release|Any CPU.ActiveCfg = Release|Any CPU
		{D2329015-C0EF-4BFE-B657-AE9F9F03EF9B}.Release|Any CPU.Build.0 = Release|Any CPU
		{5D5F8D43-03FB-4401-98B3-8248BAABFA6F}.Debug|Any CPU.ActiveCfg = Debug|Any CPU
		{5D5F8D43-03FB-4401-98B3-8248BAABFA6F}.Debug|Any CPU.Build.0 = Debug|Any CPU
		{5D5F8D43-03FB-4401-98B3-8248BAABFA6F}.Release|Any CPU.ActiveCfg = Release|Any CPU
		{5D5F8D43-03FB-4401-98B3-8248BAABFA6F}.Release|Any CPU.Build.0 = Release|Any CPU
		{52A5BCF6-0A9C-46A6-B09F-D688DBF72429}.Debug|Any CPU.ActiveCfg = Debug|Any CPU
		{52A5BCF6-0A9C-46A6-B09F-D688DBF72429}.Debug|Any CPU.Build.0 = Debug|Any CPU
		{52A5BCF6-0A9C-46A6-B09F-D688DBF72429}.Release|Any CPU.ActiveCfg = Release|Any CPU
		{52A5BCF6-0A9C-46A6-B09F-D688DBF72429}.Release|Any CPU.Build.0 = Release|Any CPU
		{5F3C75D5-7970-4AF5-BBB5-9F3135FF8055}.Debug|Any CPU.ActiveCfg = Debug|Any CPU
		{5F3C75D5-7970-4AF5-BBB5-9F3135FF8055}.Debug|Any CPU.Build.0 = Debug|Any CPU
		{5F3C75D5-7970-4AF5-BBB5-9F3135FF8055}.Release|Any CPU.ActiveCfg = Release|Any CPU
		{5F3C75D5-7970-4AF5-BBB5-9F3135FF8055}.Release|Any CPU.Build.0 = Release|Any CPU
		{1993E498-0834-496F-834E-273634B80603}.Debug|Any CPU.ActiveCfg = Debug|Any CPU
		{1993E498-0834-496F-834E-273634B80603}.Debug|Any CPU.Build.0 = Debug|Any CPU
		{1993E498-0834-496F-834E-273634B80603}.Release|Any CPU.ActiveCfg = Release|Any CPU
		{1993E498-0834-496F-834E-273634B80603}.Release|Any CPU.Build.0 = Release|Any CPU
		{DD69C871-FC89-4E7E-BF62-AF2406E28BAA}.Debug|Any CPU.ActiveCfg = Debug|Any CPU
		{DD69C871-FC89-4E7E-BF62-AF2406E28BAA}.Debug|Any CPU.Build.0 = Debug|Any CPU
		{DD69C871-FC89-4E7E-BF62-AF2406E28BAA}.Release|Any CPU.ActiveCfg = Release|Any CPU
		{DD69C871-FC89-4E7E-BF62-AF2406E28BAA}.Release|Any CPU.Build.0 = Release|Any CPU
		{EEFC4E49-4168-4228-98D1-1462B3868C45}.Debug|Any CPU.ActiveCfg = Debug|Any CPU
		{EEFC4E49-4168-4228-98D1-1462B3868C45}.Debug|Any CPU.Build.0 = Debug|Any CPU
		{EEFC4E49-4168-4228-98D1-1462B3868C45}.Release|Any CPU.ActiveCfg = Release|Any CPU
		{EEFC4E49-4168-4228-98D1-1462B3868C45}.Release|Any CPU.Build.0 = Release|Any CPU
		{763619BF-9EDF-43EF-A4D2-37CEF3C267CB}.Debug|Any CPU.ActiveCfg = Debug|Any CPU
		{763619BF-9EDF-43EF-A4D2-37CEF3C267CB}.Debug|Any CPU.Build.0 = Debug|Any CPU
		{763619BF-9EDF-43EF-A4D2-37CEF3C267CB}.Release|Any CPU.ActiveCfg = Release|Any CPU
		{763619BF-9EDF-43EF-A4D2-37CEF3C267CB}.Release|Any CPU.Build.0 = Release|Any CPU
		{BD2ED3EC-6B49-4F79-B30B-5C2A70467FD2}.Debug|Any CPU.ActiveCfg = Debug|Any CPU
		{BD2ED3EC-6B49-4F79-B30B-5C2A70467FD2}.Debug|Any CPU.Build.0 = Debug|Any CPU
		{BD2ED3EC-6B49-4F79-B30B-5C2A70467FD2}.Release|Any CPU.ActiveCfg = Release|Any CPU
		{BD2ED3EC-6B49-4F79-B30B-5C2A70467FD2}.Release|Any CPU.Build.0 = Release|Any CPU
	EndGlobalSection
	GlobalSection(SolutionProperties) = preSolution
		HideSolutionNode = FALSE
	EndGlobalSection
	GlobalSection(NestedProjects) = preSolution
		{38ECACC7-F3C8-4AD8-B3BF-7D1E0B4C6987} = {B2D0C3FE-65FA-4359-8850-8F3CEC7131E0}
		{C6C18885-F2C9-407E-A658-9CCE6D82459A} = {38ECACC7-F3C8-4AD8-B3BF-7D1E0B4C6987}
		{CB9B02CA-027B-47ED-9B33-A09A07604B7B} = {B2D0C3FE-65FA-4359-8850-8F3CEC7131E0}
		{5D5F8D43-03FB-4401-98B3-8248BAABFA6F} = {CB9B02CA-027B-47ED-9B33-A09A07604B7B}
		{1CDAFEB2-1657-4FAB-A74D-0D82D916DE4B} = {B2D0C3FE-65FA-4359-8850-8F3CEC7131E0}
		{52A5BCF6-0A9C-46A6-B09F-D688DBF72429} = {1CDAFEB2-1657-4FAB-A74D-0D82D916DE4B}
		{5F3C75D5-7970-4AF5-BBB5-9F3135FF8055} = {1CDAFEB2-1657-4FAB-A74D-0D82D916DE4B}
		{4B226F5A-0DC1-4930-96D7-BE38BF249E7E} = {B2D0C3FE-65FA-4359-8850-8F3CEC7131E0}
		{1993E498-0834-496F-834E-273634B80603} = {4B226F5A-0DC1-4930-96D7-BE38BF249E7E}
		{DD69C871-FC89-4E7E-BF62-AF2406E28BAA} = {4B226F5A-0DC1-4930-96D7-BE38BF249E7E}
		{EEFC4E49-4168-4228-98D1-1462B3868C45} = {4B226F5A-0DC1-4930-96D7-BE38BF249E7E}
		{763619BF-9EDF-43EF-A4D2-37CEF3C267CB} = {4B226F5A-0DC1-4930-96D7-BE38BF249E7E}
		{BD2ED3EC-6B49-4F79-B30B-5C2A70467FD2} = {EA1FE8BE-D909-4591-A151-2870AF7E7D4A}
	EndGlobalSection
	GlobalSection(ExtensibilityGlobals) = postSolution
		SolutionGuid = {DA023FC2-C2D0-441B-AFB0-FC0AB8AAF65D}
	EndGlobalSection
EndGlobal
